// !$*UTF8*$!
{
	archiveVersion = 1;
	classes = {
	};
	objectVersion = 46;
	objects = {

/* Begin PBXBuildFile section */
		C431B3DF154F2B23007AD795 /* Foundation.framework in Frameworks */ = {isa = PBXBuildFile; fileRef = C431B3DE154F2B23007AD795 /* Foundation.framework */; };
		C431B3E5154F2B23007AD795 /* Oxidizer.m in Sources */ = {isa = PBXBuildFile; fileRef = C431B3E4154F2B23007AD795 /* Oxidizer.m */; };
		C431B3ED154F2B23007AD795 /* SenTestingKit.framework in Frameworks */ = {isa = PBXBuildFile; fileRef = C431B3EC154F2B23007AD795 /* SenTestingKit.framework */; };
		C431B3F0154F2B23007AD795 /* Foundation.framework in Frameworks */ = {isa = PBXBuildFile; fileRef = C431B3DE154F2B23007AD795 /* Foundation.framework */; };
		C431B3F9154F2B23007AD795 /* InfoPlist.strings in Resources */ = {isa = PBXBuildFile; fileRef = C431B3F7154F2B23007AD795 /* InfoPlist.strings */; };
		C431B3FC154F2B23007AD795 /* OxidizerTests.m in Sources */ = {isa = PBXBuildFile; fileRef = C431B3FB154F2B23007AD795 /* OxidizerTests.m */; };
		C475E791154F48150094E27E /* UIKit.framework in Frameworks */ = {isa = PBXBuildFile; fileRef = C475E790154F48150094E27E /* UIKit.framework */; };
		C475E794154F6C480094E27E /* OXChannel.h in Headers */ = {isa = PBXBuildFile; fileRef = C475E792154F6C480094E27E /* OXChannel.h */; };
		C475E795154F6C480094E27E /* OXChannel.m in Sources */ = {isa = PBXBuildFile; fileRef = C475E793154F6C480094E27E /* OXChannel.m */; };
		C475E7CB154F78110094E27E /* AFHTTPClient.h in Headers */ = {isa = PBXBuildFile; fileRef = C475E7B6154F78110094E27E /* AFHTTPClient.h */; };
		C475E7CC154F78110094E27E /* AFHTTPClient.m in Sources */ = {isa = PBXBuildFile; fileRef = C475E7B7154F78110094E27E /* AFHTTPClient.m */; settings = {COMPILER_FLAGS = "-fno-objc-arc"; }; };
		C475E7CD154F78110094E27E /* AFHTTPClient.m in Sources */ = {isa = PBXBuildFile; fileRef = C475E7B7154F78110094E27E /* AFHTTPClient.m */; settings = {COMPILER_FLAGS = "-fno-objc-arc"; }; };
		C475E7CE154F78110094E27E /* AFHTTPRequestOperation.h in Headers */ = {isa = PBXBuildFile; fileRef = C475E7B8154F78110094E27E /* AFHTTPRequestOperation.h */; };
		C475E7CF154F78110094E27E /* AFHTTPRequestOperation.m in Sources */ = {isa = PBXBuildFile; fileRef = C475E7B9154F78110094E27E /* AFHTTPRequestOperation.m */; };
		C475E7D0154F78110094E27E /* AFHTTPRequestOperation.m in Sources */ = {isa = PBXBuildFile; fileRef = C475E7B9154F78110094E27E /* AFHTTPRequestOperation.m */; };
		C475E7D1154F78110094E27E /* AFImageRequestOperation.h in Headers */ = {isa = PBXBuildFile; fileRef = C475E7BA154F78110094E27E /* AFImageRequestOperation.h */; };
		C475E7D2154F78110094E27E /* AFImageRequestOperation.m in Sources */ = {isa = PBXBuildFile; fileRef = C475E7BB154F78110094E27E /* AFImageRequestOperation.m */; };
		C475E7D3154F78110094E27E /* AFImageRequestOperation.m in Sources */ = {isa = PBXBuildFile; fileRef = C475E7BB154F78110094E27E /* AFImageRequestOperation.m */; };
		C475E7D4154F78110094E27E /* AFJSONRequestOperation.h in Headers */ = {isa = PBXBuildFile; fileRef = C475E7BC154F78110094E27E /* AFJSONRequestOperation.h */; };
		C475E7D5154F78110094E27E /* AFJSONRequestOperation.m in Sources */ = {isa = PBXBuildFile; fileRef = C475E7BD154F78110094E27E /* AFJSONRequestOperation.m */; };
		C475E7D6154F78110094E27E /* AFJSONRequestOperation.m in Sources */ = {isa = PBXBuildFile; fileRef = C475E7BD154F78110094E27E /* AFJSONRequestOperation.m */; };
		C475E7D7154F78110094E27E /* AFJSONUtilities.h in Headers */ = {isa = PBXBuildFile; fileRef = C475E7BE154F78110094E27E /* AFJSONUtilities.h */; };
		C475E7D8154F78110094E27E /* AFJSONUtilities.m in Sources */ = {isa = PBXBuildFile; fileRef = C475E7BF154F78110094E27E /* AFJSONUtilities.m */; };
		C475E7D9154F78110094E27E /* AFJSONUtilities.m in Sources */ = {isa = PBXBuildFile; fileRef = C475E7BF154F78110094E27E /* AFJSONUtilities.m */; };
		C475E7DA154F78110094E27E /* AFNetworkActivityIndicatorManager.h in Headers */ = {isa = PBXBuildFile; fileRef = C475E7C0154F78110094E27E /* AFNetworkActivityIndicatorManager.h */; };
		C475E7DB154F78110094E27E /* AFNetworkActivityIndicatorManager.m in Sources */ = {isa = PBXBuildFile; fileRef = C475E7C1154F78110094E27E /* AFNetworkActivityIndicatorManager.m */; };
		C475E7DC154F78110094E27E /* AFNetworkActivityIndicatorManager.m in Sources */ = {isa = PBXBuildFile; fileRef = C475E7C1154F78110094E27E /* AFNetworkActivityIndicatorManager.m */; };
		C475E7DD154F78110094E27E /* AFNetworking.h in Headers */ = {isa = PBXBuildFile; fileRef = C475E7C2154F78110094E27E /* AFNetworking.h */; };
		C475E7DE154F78110094E27E /* AFPropertyListRequestOperation.h in Headers */ = {isa = PBXBuildFile; fileRef = C475E7C3154F78110094E27E /* AFPropertyListRequestOperation.h */; };
		C475E7DF154F78110094E27E /* AFPropertyListRequestOperation.m in Sources */ = {isa = PBXBuildFile; fileRef = C475E7C4154F78110094E27E /* AFPropertyListRequestOperation.m */; };
		C475E7E0154F78110094E27E /* AFPropertyListRequestOperation.m in Sources */ = {isa = PBXBuildFile; fileRef = C475E7C4154F78110094E27E /* AFPropertyListRequestOperation.m */; };
		C475E7E1154F78110094E27E /* AFURLConnectionOperation.h in Headers */ = {isa = PBXBuildFile; fileRef = C475E7C5154F78110094E27E /* AFURLConnectionOperation.h */; };
		C475E7E2154F78110094E27E /* AFURLConnectionOperation.m in Sources */ = {isa = PBXBuildFile; fileRef = C475E7C6154F78110094E27E /* AFURLConnectionOperation.m */; };
		C475E7E3154F78110094E27E /* AFURLConnectionOperation.m in Sources */ = {isa = PBXBuildFile; fileRef = C475E7C6154F78110094E27E /* AFURLConnectionOperation.m */; };
		C475E7E4154F78110094E27E /* AFXMLRequestOperation.h in Headers */ = {isa = PBXBuildFile; fileRef = C475E7C7154F78110094E27E /* AFXMLRequestOperation.h */; };
		C475E7E5154F78110094E27E /* AFXMLRequestOperation.m in Sources */ = {isa = PBXBuildFile; fileRef = C475E7C8154F78110094E27E /* AFXMLRequestOperation.m */; };
		C475E7E6154F78110094E27E /* AFXMLRequestOperation.m in Sources */ = {isa = PBXBuildFile; fileRef = C475E7C8154F78110094E27E /* AFXMLRequestOperation.m */; };
		C475E7E7154F78110094E27E /* UIImageView+AFNetworking.h in Headers */ = {isa = PBXBuildFile; fileRef = C475E7C9154F78110094E27E /* UIImageView+AFNetworking.h */; };
		C475E7E8154F78110094E27E /* UIImageView+AFNetworking.m in Sources */ = {isa = PBXBuildFile; fileRef = C475E7CA154F78110094E27E /* UIImageView+AFNetworking.m */; };
		C475E7E9154F78110094E27E /* UIImageView+AFNetworking.m in Sources */ = {isa = PBXBuildFile; fileRef = C475E7CA154F78110094E27E /* UIImageView+AFNetworking.m */; };
		C475E7EA154F80D80094E27E /* UIKit.framework in Frameworks */ = {isa = PBXBuildFile; fileRef = C475E790154F48150094E27E /* UIKit.framework */; };
		C475E7EB154F83240094E27E /* libOxidizer.a in Frameworks */ = {isa = PBXBuildFile; fileRef = C431B3DB154F2B23007AD795 /* libOxidizer.a */; };
/* End PBXBuildFile section */

/* Begin PBXContainerItemProxy section */
		C431B3F1154F2B23007AD795 /* PBXContainerItemProxy */ = {
			isa = PBXContainerItemProxy;
			containerPortal = C431B3D2154F2B23007AD795 /* Project object */;
			proxyType = 1;
			remoteGlobalIDString = C431B3DA154F2B23007AD795;
			remoteInfo = Oxidizer;
		};
/* End PBXContainerItemProxy section */

/* Begin PBXFileReference section */
		C431B3DB154F2B23007AD795 /* libOxidizer.a */ = {isa = PBXFileReference; explicitFileType = archive.ar; includeInIndex = 0; path = libOxidizer.a; sourceTree = BUILT_PRODUCTS_DIR; };
		C431B3DE154F2B23007AD795 /* Foundation.framework */ = {isa = PBXFileReference; lastKnownFileType = wrapper.framework; name = Foundation.framework; path = System/Library/Frameworks/Foundation.framework; sourceTree = SDKROOT; };
		C431B3E2154F2B23007AD795 /* Oxidizer-Prefix.pch */ = {isa = PBXFileReference; lastKnownFileType = sourcecode.c.h; path = "Oxidizer-Prefix.pch"; sourceTree = "<group>"; };
		C431B3E3154F2B23007AD795 /* Oxidizer.h */ = {isa = PBXFileReference; lastKnownFileType = sourcecode.c.h; path = Oxidizer.h; sourceTree = "<group>"; };
		C431B3E4154F2B23007AD795 /* Oxidizer.m */ = {isa = PBXFileReference; lastKnownFileType = sourcecode.c.objc; path = Oxidizer.m; sourceTree = "<group>"; };
		C431B3EB154F2B23007AD795 /* OxidizerTests.octest */ = {isa = PBXFileReference; explicitFileType = wrapper.cfbundle; includeInIndex = 0; path = OxidizerTests.octest; sourceTree = BUILT_PRODUCTS_DIR; };
		C431B3EC154F2B23007AD795 /* SenTestingKit.framework */ = {isa = PBXFileReference; lastKnownFileType = wrapper.framework; name = SenTestingKit.framework; path = Library/Frameworks/SenTestingKit.framework; sourceTree = DEVELOPER_DIR; };
		C431B3F6154F2B23007AD795 /* OxidizerTests-Info.plist */ = {isa = PBXFileReference; lastKnownFileType = text.plist.xml; path = "OxidizerTests-Info.plist"; sourceTree = "<group>"; };
		C431B3F8154F2B23007AD795 /* en */ = {isa = PBXFileReference; lastKnownFileType = text.plist.strings; name = en; path = en.lproj/InfoPlist.strings; sourceTree = "<group>"; };
		C431B3FA154F2B23007AD795 /* OxidizerTests.h */ = {isa = PBXFileReference; lastKnownFileType = sourcecode.c.h; path = OxidizerTests.h; sourceTree = "<group>"; };
		C431B3FB154F2B23007AD795 /* OxidizerTests.m */ = {isa = PBXFileReference; lastKnownFileType = sourcecode.c.objc; path = OxidizerTests.m; sourceTree = "<group>"; };
		C475E790154F48150094E27E /* UIKit.framework */ = {isa = PBXFileReference; lastKnownFileType = wrapper.framework; name = UIKit.framework; path = System/Library/Frameworks/UIKit.framework; sourceTree = SDKROOT; };
		C475E792154F6C480094E27E /* OXChannel.h */ = {isa = PBXFileReference; fileEncoding = 4; lastKnownFileType = sourcecode.c.h; path = OXChannel.h; sourceTree = "<group>"; };
		C475E793154F6C480094E27E /* OXChannel.m */ = {isa = PBXFileReference; fileEncoding = 4; lastKnownFileType = sourcecode.c.objc; path = OXChannel.m; sourceTree = "<group>"; };
		C475E7B6154F78110094E27E /* AFHTTPClient.h */ = {isa = PBXFileReference; fileEncoding = 4; lastKnownFileType = sourcecode.c.h; path = AFHTTPClient.h; sourceTree = "<group>"; };
		C475E7B7154F78110094E27E /* AFHTTPClient.m */ = {isa = PBXFileReference; fileEncoding = 4; lastKnownFileType = sourcecode.c.objc; path = AFHTTPClient.m; sourceTree = "<group>"; };
		C475E7B8154F78110094E27E /* AFHTTPRequestOperation.h */ = {isa = PBXFileReference; fileEncoding = 4; lastKnownFileType = sourcecode.c.h; path = AFHTTPRequestOperation.h; sourceTree = "<group>"; };
		C475E7B9154F78110094E27E /* AFHTTPRequestOperation.m */ = {isa = PBXFileReference; fileEncoding = 4; lastKnownFileType = sourcecode.c.objc; path = AFHTTPRequestOperation.m; sourceTree = "<group>"; };
		C475E7BA154F78110094E27E /* AFImageRequestOperation.h */ = {isa = PBXFileReference; fileEncoding = 4; lastKnownFileType = sourcecode.c.h; path = AFImageRequestOperation.h; sourceTree = "<group>"; };
		C475E7BB154F78110094E27E /* AFImageRequestOperation.m */ = {isa = PBXFileReference; fileEncoding = 4; lastKnownFileType = sourcecode.c.objc; path = AFImageRequestOperation.m; sourceTree = "<group>"; };
		C475E7BC154F78110094E27E /* AFJSONRequestOperation.h */ = {isa = PBXFileReference; fileEncoding = 4; lastKnownFileType = sourcecode.c.h; path = AFJSONRequestOperation.h; sourceTree = "<group>"; };
		C475E7BD154F78110094E27E /* AFJSONRequestOperation.m */ = {isa = PBXFileReference; fileEncoding = 4; lastKnownFileType = sourcecode.c.objc; path = AFJSONRequestOperation.m; sourceTree = "<group>"; };
		C475E7BE154F78110094E27E /* AFJSONUtilities.h */ = {isa = PBXFileReference; fileEncoding = 4; lastKnownFileType = sourcecode.c.h; path = AFJSONUtilities.h; sourceTree = "<group>"; };
		C475E7BF154F78110094E27E /* AFJSONUtilities.m */ = {isa = PBXFileReference; fileEncoding = 4; lastKnownFileType = sourcecode.c.objc; path = AFJSONUtilities.m; sourceTree = "<group>"; };
		C475E7C0154F78110094E27E /* AFNetworkActivityIndicatorManager.h */ = {isa = PBXFileReference; fileEncoding = 4; lastKnownFileType = sourcecode.c.h; path = AFNetworkActivityIndicatorManager.h; sourceTree = "<group>"; };
		C475E7C1154F78110094E27E /* AFNetworkActivityIndicatorManager.m */ = {isa = PBXFileReference; fileEncoding = 4; lastKnownFileType = sourcecode.c.objc; path = AFNetworkActivityIndicatorManager.m; sourceTree = "<group>"; };
		C475E7C2154F78110094E27E /* AFNetworking.h */ = {isa = PBXFileReference; fileEncoding = 4; lastKnownFileType = sourcecode.c.h; path = AFNetworking.h; sourceTree = "<group>"; };
		C475E7C3154F78110094E27E /* AFPropertyListRequestOperation.h */ = {isa = PBXFileReference; fileEncoding = 4; lastKnownFileType = sourcecode.c.h; path = AFPropertyListRequestOperation.h; sourceTree = "<group>"; };
		C475E7C4154F78110094E27E /* AFPropertyListRequestOperation.m */ = {isa = PBXFileReference; fileEncoding = 4; lastKnownFileType = sourcecode.c.objc; path = AFPropertyListRequestOperation.m; sourceTree = "<group>"; };
		C475E7C5154F78110094E27E /* AFURLConnectionOperation.h */ = {isa = PBXFileReference; fileEncoding = 4; lastKnownFileType = sourcecode.c.h; path = AFURLConnectionOperation.h; sourceTree = "<group>"; };
		C475E7C6154F78110094E27E /* AFURLConnectionOperation.m */ = {isa = PBXFileReference; fileEncoding = 4; lastKnownFileType = sourcecode.c.objc; path = AFURLConnectionOperation.m; sourceTree = "<group>"; };
		C475E7C7154F78110094E27E /* AFXMLRequestOperation.h */ = {isa = PBXFileReference; fileEncoding = 4; lastKnownFileType = sourcecode.c.h; path = AFXMLRequestOperation.h; sourceTree = "<group>"; };
		C475E7C8154F78110094E27E /* AFXMLRequestOperation.m */ = {isa = PBXFileReference; fileEncoding = 4; lastKnownFileType = sourcecode.c.objc; path = AFXMLRequestOperation.m; sourceTree = "<group>"; };
		C475E7C9154F78110094E27E /* UIImageView+AFNetworking.h */ = {isa = PBXFileReference; fileEncoding = 4; lastKnownFileType = sourcecode.c.h; path = "UIImageView+AFNetworking.h"; sourceTree = "<group>"; };
		C475E7CA154F78110094E27E /* UIImageView+AFNetworking.m */ = {isa = PBXFileReference; fileEncoding = 4; lastKnownFileType = sourcecode.c.objc; path = "UIImageView+AFNetworking.m"; sourceTree = "<group>"; };
/* End PBXFileReference section */

/* Begin PBXFrameworksBuildPhase section */
		C431B3D8154F2B23007AD795 /* Frameworks */ = {
			isa = PBXFrameworksBuildPhase;
			buildActionMask = 2147483647;
			files = (
				C431B3DF154F2B23007AD795 /* Foundation.framework in Frameworks */,
				C475E791154F48150094E27E /* UIKit.framework in Frameworks */,
			);
			runOnlyForDeploymentPostprocessing = 0;
		};
		C431B3E7154F2B23007AD795 /* Frameworks */ = {
			isa = PBXFrameworksBuildPhase;
			buildActionMask = 2147483647;
			files = (
				C475E7EA154F80D80094E27E /* UIKit.framework in Frameworks */,
				C431B3ED154F2B23007AD795 /* SenTestingKit.framework in Frameworks */,
				C431B3F0154F2B23007AD795 /* Foundation.framework in Frameworks */,
				C475E7EB154F83240094E27E /* libOxidizer.a in Frameworks */,
			);
			runOnlyForDeploymentPostprocessing = 0;
		};
/* End PBXFrameworksBuildPhase section */

/* Begin PBXGroup section */
		C431B3D0154F2B23007AD795 = {
			isa = PBXGroup;
			children = (
				C475E7B5154F78110094E27E /* AFNetworking */,
				C431B3E0154F2B23007AD795 /* Oxidizer */,
				C431B3F4154F2B23007AD795 /* OxidizerTests */,
				C431B3DD154F2B23007AD795 /* Frameworks */,
				C431B3DC154F2B23007AD795 /* Products */,
			);
			sourceTree = "<group>";
		};
		C431B3DC154F2B23007AD795 /* Products */ = {
			isa = PBXGroup;
			children = (
				C431B3DB154F2B23007AD795 /* libOxidizer.a */,
				C431B3EB154F2B23007AD795 /* OxidizerTests.octest */,
			);
			name = Products;
			sourceTree = "<group>";
		};
		C431B3DD154F2B23007AD795 /* Frameworks */ = {
			isa = PBXGroup;
			children = (
				C475E790154F48150094E27E /* UIKit.framework */,
				C431B3DE154F2B23007AD795 /* Foundation.framework */,
				C431B3EC154F2B23007AD795 /* SenTestingKit.framework */,
			);
			name = Frameworks;
			sourceTree = "<group>";
		};
		C431B3E0154F2B23007AD795 /* Oxidizer */ = {
			isa = PBXGroup;
			children = (
				C431B3E3154F2B23007AD795 /* Oxidizer.h */,
				C431B3E4154F2B23007AD795 /* Oxidizer.m */,
				C475E792154F6C480094E27E /* OXChannel.h */,
				C475E793154F6C480094E27E /* OXChannel.m */,
				C431B3E1154F2B23007AD795 /* Supporting Files */,
			);
			path = Oxidizer;
			sourceTree = "<group>";
		};
		C431B3E1154F2B23007AD795 /* Supporting Files */ = {
			isa = PBXGroup;
			children = (
				C431B3E2154F2B23007AD795 /* Oxidizer-Prefix.pch */,
			);
			name = "Supporting Files";
			sourceTree = "<group>";
		};
		C431B3F4154F2B23007AD795 /* OxidizerTests */ = {
			isa = PBXGroup;
			children = (
				C431B3FA154F2B23007AD795 /* OxidizerTests.h */,
				C431B3FB154F2B23007AD795 /* OxidizerTests.m */,
				C431B3F5154F2B23007AD795 /* Supporting Files */,
			);
			path = OxidizerTests;
			sourceTree = "<group>";
		};
		C431B3F5154F2B23007AD795 /* Supporting Files */ = {
			isa = PBXGroup;
			children = (
				C431B3F6154F2B23007AD795 /* OxidizerTests-Info.plist */,
				C431B3F7154F2B23007AD795 /* InfoPlist.strings */,
			);
			name = "Supporting Files";
			sourceTree = "<group>";
		};
		C475E7B5154F78110094E27E /* AFNetworking */ = {
			isa = PBXGroup;
			children = (
				C475E7B6154F78110094E27E /* AFHTTPClient.h */,
				C475E7B7154F78110094E27E /* AFHTTPClient.m */,
				C475E7B8154F78110094E27E /* AFHTTPRequestOperation.h */,
				C475E7B9154F78110094E27E /* AFHTTPRequestOperation.m */,
				C475E7BA154F78110094E27E /* AFImageRequestOperation.h */,
				C475E7BB154F78110094E27E /* AFImageRequestOperation.m */,
				C475E7BC154F78110094E27E /* AFJSONRequestOperation.h */,
				C475E7BD154F78110094E27E /* AFJSONRequestOperation.m */,
				C475E7BE154F78110094E27E /* AFJSONUtilities.h */,
				C475E7BF154F78110094E27E /* AFJSONUtilities.m */,
				C475E7C0154F78110094E27E /* AFNetworkActivityIndicatorManager.h */,
				C475E7C1154F78110094E27E /* AFNetworkActivityIndicatorManager.m */,
				C475E7C2154F78110094E27E /* AFNetworking.h */,
				C475E7C3154F78110094E27E /* AFPropertyListRequestOperation.h */,
				C475E7C4154F78110094E27E /* AFPropertyListRequestOperation.m */,
				C475E7C5154F78110094E27E /* AFURLConnectionOperation.h */,
				C475E7C6154F78110094E27E /* AFURLConnectionOperation.m */,
				C475E7C7154F78110094E27E /* AFXMLRequestOperation.h */,
				C475E7C8154F78110094E27E /* AFXMLRequestOperation.m */,
				C475E7C9154F78110094E27E /* UIImageView+AFNetworking.h */,
				C475E7CA154F78110094E27E /* UIImageView+AFNetworking.m */,
			);
			name = AFNetworking;
			path = AFNetworking/AFNetworking;
			sourceTree = "<group>";
		};
/* End PBXGroup section */

/* Begin PBXHeadersBuildPhase section */
		C431B3D9154F2B23007AD795 /* Headers */ = {
			isa = PBXHeadersBuildPhase;
			buildActionMask = 2147483647;
			files = (
				C475E794154F6C480094E27E /* OXChannel.h in Headers */,
				C475E7CB154F78110094E27E /* AFHTTPClient.h in Headers */,
				C475E7CE154F78110094E27E /* AFHTTPRequestOperation.h in Headers */,
				C475E7D1154F78110094E27E /* AFImageRequestOperation.h in Headers */,
				C475E7D4154F78110094E27E /* AFJSONRequestOperation.h in Headers */,
				C475E7D7154F78110094E27E /* AFJSONUtilities.h in Headers */,
				C475E7DA154F78110094E27E /* AFNetworkActivityIndicatorManager.h in Headers */,
				C475E7DD154F78110094E27E /* AFNetworking.h in Headers */,
				C475E7DE154F78110094E27E /* AFPropertyListRequestOperation.h in Headers */,
				C475E7E1154F78110094E27E /* AFURLConnectionOperation.h in Headers */,
				C475E7E4154F78110094E27E /* AFXMLRequestOperation.h in Headers */,
				C475E7E7154F78110094E27E /* UIImageView+AFNetworking.h in Headers */,
			);
			runOnlyForDeploymentPostprocessing = 0;
		};
/* End PBXHeadersBuildPhase section */

/* Begin PBXNativeTarget section */
		C431B3DA154F2B23007AD795 /* Oxidizer */ = {
			isa = PBXNativeTarget;
			buildConfigurationList = C431B3FF154F2B23007AD795 /* Build configuration list for PBXNativeTarget "Oxidizer" */;
			buildPhases = (
				C431B3D7154F2B23007AD795 /* Sources */,
				C431B3D8154F2B23007AD795 /* Frameworks */,
				C431B3D9154F2B23007AD795 /* Headers */,
			);
			buildRules = (
			);
			dependencies = (
			);
			name = Oxidizer;
			productName = Oxidizer;
			productReference = C431B3DB154F2B23007AD795 /* libOxidizer.a */;
			productType = "com.apple.product-type.library.static";
		};
		C431B3EA154F2B23007AD795 /* OxidizerTests */ = {
			isa = PBXNativeTarget;
			buildConfigurationList = C431B402154F2B23007AD795 /* Build configuration list for PBXNativeTarget "OxidizerTests" */;
			buildPhases = (
				C431B3E6154F2B23007AD795 /* Sources */,
				C431B3E7154F2B23007AD795 /* Frameworks */,
				C431B3E8154F2B23007AD795 /* Resources */,
				C431B3E9154F2B23007AD795 /* ShellScript */,
			);
			buildRules = (
			);
			dependencies = (
				C431B3F2154F2B23007AD795 /* PBXTargetDependency */,
			);
			name = OxidizerTests;
			productName = OxidizerTests;
			productReference = C431B3EB154F2B23007AD795 /* OxidizerTests.octest */;
			productType = "com.apple.product-type.bundle";
		};
/* End PBXNativeTarget section */

/* Begin PBXProject section */
		C431B3D2154F2B23007AD795 /* Project object */ = {
			isa = PBXProject;
			attributes = {
				LastUpgradeCheck = 0430;
				ORGANIZATIONNAME = TopHatter;
			};
			buildConfigurationList = C431B3D5154F2B23007AD795 /* Build configuration list for PBXProject "Oxidizer" */;
			compatibilityVersion = "Xcode 3.2";
			developmentRegion = English;
			hasScannedForEncodings = 0;
			knownRegions = (
				en,
			);
			mainGroup = C431B3D0154F2B23007AD795;
			productRefGroup = C431B3DC154F2B23007AD795 /* Products */;
			projectDirPath = "";
			projectRoot = "";
			targets = (
				C431B3DA154F2B23007AD795 /* Oxidizer */,
				C431B3EA154F2B23007AD795 /* OxidizerTests */,
			);
		};
/* End PBXProject section */

/* Begin PBXResourcesBuildPhase section */
		C431B3E8154F2B23007AD795 /* Resources */ = {
			isa = PBXResourcesBuildPhase;
			buildActionMask = 2147483647;
			files = (
				C431B3F9154F2B23007AD795 /* InfoPlist.strings in Resources */,
			);
			runOnlyForDeploymentPostprocessing = 0;
		};
/* End PBXResourcesBuildPhase section */

/* Begin PBXShellScriptBuildPhase section */
		C431B3E9154F2B23007AD795 /* ShellScript */ = {
			isa = PBXShellScriptBuildPhase;
			buildActionMask = 2147483647;
			files = (
			);
			inputPaths = (
			);
			outputPaths = (
			);
			runOnlyForDeploymentPostprocessing = 0;
			shellPath = /bin/sh;
			shellScript = "# Run the unit tests in this test bundle.\n\"${SYSTEM_DEVELOPER_DIR}/Tools/RunUnitTests\"\n";
		};
/* End PBXShellScriptBuildPhase section */

/* Begin PBXSourcesBuildPhase section */
		C431B3D7154F2B23007AD795 /* Sources */ = {
			isa = PBXSourcesBuildPhase;
			buildActionMask = 2147483647;
			files = (
				C431B3E5154F2B23007AD795 /* Oxidizer.m in Sources */,
				C475E795154F6C480094E27E /* OXChannel.m in Sources */,
				C475E7CC154F78110094E27E /* AFHTTPClient.m in Sources */,
				C475E7CF154F78110094E27E /* AFHTTPRequestOperation.m in Sources */,
				C475E7D2154F78110094E27E /* AFImageRequestOperation.m in Sources */,
				C475E7D5154F78110094E27E /* AFJSONRequestOperation.m in Sources */,
				C475E7D8154F78110094E27E /* AFJSONUtilities.m in Sources */,
				C475E7DB154F78110094E27E /* AFNetworkActivityIndicatorManager.m in Sources */,
				C475E7DF154F78110094E27E /* AFPropertyListRequestOperation.m in Sources */,
				C475E7E2154F78110094E27E /* AFURLConnectionOperation.m in Sources */,
				C475E7E5154F78110094E27E /* AFXMLRequestOperation.m in Sources */,
				C475E7E8154F78110094E27E /* UIImageView+AFNetworking.m in Sources */,
			);
			runOnlyForDeploymentPostprocessing = 0;
		};
		C431B3E6154F2B23007AD795 /* Sources */ = {
			isa = PBXSourcesBuildPhase;
			buildActionMask = 2147483647;
			files = (
				C431B3FC154F2B23007AD795 /* OxidizerTests.m in Sources */,
				C475E7CD154F78110094E27E /* AFHTTPClient.m in Sources */,
				C475E7D0154F78110094E27E /* AFHTTPRequestOperation.m in Sources */,
				C475E7D3154F78110094E27E /* AFImageRequestOperation.m in Sources */,
				C475E7D6154F78110094E27E /* AFJSONRequestOperation.m in Sources */,
				C475E7D9154F78110094E27E /* AFJSONUtilities.m in Sources */,
				C475E7DC154F78110094E27E /* AFNetworkActivityIndicatorManager.m in Sources */,
				C475E7E0154F78110094E27E /* AFPropertyListRequestOperation.m in Sources */,
				C475E7E3154F78110094E27E /* AFURLConnectionOperation.m in Sources */,
				C475E7E6154F78110094E27E /* AFXMLRequestOperation.m in Sources */,
				C475E7E9154F78110094E27E /* UIImageView+AFNetworking.m in Sources */,
			);
			runOnlyForDeploymentPostprocessing = 0;
		};
/* End PBXSourcesBuildPhase section */

/* Begin PBXTargetDependency section */
		C431B3F2154F2B23007AD795 /* PBXTargetDependency */ = {
			isa = PBXTargetDependency;
			target = C431B3DA154F2B23007AD795 /* Oxidizer */;
			targetProxy = C431B3F1154F2B23007AD795 /* PBXContainerItemProxy */;
		};
/* End PBXTargetDependency section */

/* Begin PBXVariantGroup section */
		C431B3F7154F2B23007AD795 /* InfoPlist.strings */ = {
			isa = PBXVariantGroup;
			children = (
				C431B3F8154F2B23007AD795 /* en */,
			);
			name = InfoPlist.strings;
			sourceTree = "<group>";
		};
/* End PBXVariantGroup section */

/* Begin XCBuildConfiguration section */
		C431B3FD154F2B23007AD795 /* Debug */ = {
			isa = XCBuildConfiguration;
			buildSettings = {
				ALWAYS_SEARCH_USER_PATHS = NO;
				ARCHS = "$(ARCHS_STANDARD_32_BIT)";
				COPY_PHASE_STRIP = NO;
				GCC_C_LANGUAGE_STANDARD = gnu99;
				GCC_DYNAMIC_NO_PIC = NO;
				GCC_OPTIMIZATION_LEVEL = 0;
				GCC_PREPROCESSOR_DEFINITIONS = (
					"DEBUG=1",
					"$(inherited)",
				);
				GCC_SYMBOLS_PRIVATE_EXTERN = NO;
				GCC_VERSION = com.apple.compilers.llvm.clang.1_0;
				GCC_WARN_ABOUT_RETURN_TYPE = YES;
				GCC_WARN_UNINITIALIZED_AUTOS = YES;
				GCC_WARN_UNUSED_VARIABLE = YES;
				IPHONEOS_DEPLOYMENT_TARGET = 5.1;
				ONLY_ACTIVE_ARCH = NO;
				SDKROOT = iphoneos;
			};
			name = Debug;
		};
		C431B3FE154F2B23007AD795 /* Release */ = {
			isa = XCBuildConfiguration;
			buildSettings = {
				ALWAYS_SEARCH_USER_PATHS = NO;
				ARCHS = "$(ARCHS_STANDARD_32_BIT)";
				COPY_PHASE_STRIP = YES;
				GCC_C_LANGUAGE_STANDARD = gnu99;
				GCC_VERSION = com.apple.compilers.llvm.clang.1_0;
				GCC_WARN_ABOUT_RETURN_TYPE = YES;
				GCC_WARN_UNINITIALIZED_AUTOS = YES;
				GCC_WARN_UNUSED_VARIABLE = YES;
				IPHONEOS_DEPLOYMENT_TARGET = 5.1;
				ONLY_ACTIVE_ARCH = NO;
				SDKROOT = iphoneos;
				VALIDATE_PRODUCT = YES;
			};
			name = Release;
		};
		C431B400154F2B23007AD795 /* Debug */ = {
			isa = XCBuildConfiguration;
			buildSettings = {
				DSTROOT = /tmp/Oxidizer.dst;
				FRAMEWORK_SEARCH_PATHS = (
					"$(inherited)",
					"\"$(SRCROOT)\"",
				);
				GCC_PRECOMPILE_PREFIX_HEADER = YES;
				GCC_PREFIX_HEADER = "Oxidizer/Oxidizer-Prefix.pch";
				OTHER_LDFLAGS = "-ObjC";
				PRODUCT_NAME = "$(TARGET_NAME)";
				SKIP_INSTALL = YES;
			};
			name = Debug;
		};
		C431B401154F2B23007AD795 /* Release */ = {
			isa = XCBuildConfiguration;
			buildSettings = {
				DSTROOT = /tmp/Oxidizer.dst;
				FRAMEWORK_SEARCH_PATHS = (
					"$(inherited)",
					"\"$(SRCROOT)\"",
				);
				GCC_PRECOMPILE_PREFIX_HEADER = YES;
				GCC_PREFIX_HEADER = "Oxidizer/Oxidizer-Prefix.pch";
				OTHER_LDFLAGS = "-ObjC";
				PRODUCT_NAME = "$(TARGET_NAME)";
				SKIP_INSTALL = YES;
			};
			name = Release;
		};
		C431B403154F2B23007AD795 /* Debug */ = {
			isa = XCBuildConfiguration;
			buildSettings = {
				FRAMEWORK_SEARCH_PATHS = (
					"$(SDKROOT)/Developer/Library/Frameworks",
					"$(DEVELOPER_LIBRARY_DIR)/Frameworks",
				);
				GCC_PRECOMPILE_PREFIX_HEADER = YES;
				GCC_PREFIX_HEADER = "Oxidizer/Oxidizer-Prefix.pch";
				INFOPLIST_FILE = "OxidizerTests/OxidizerTests-Info.plist";
				PRODUCT_NAME = "$(TARGET_NAME)";
				TARGETED_DEVICE_FAMILY = 1;
				WRAPPER_EXTENSION = octest;
			};
			name = Debug;
		};
		C431B404154F2B23007AD795 /* Release */ = {
			isa = XCBuildConfiguration;
			buildSettings = {
				FRAMEWORK_SEARCH_PATHS = (
					"$(SDKROOT)/Developer/Library/Frameworks",
					"$(DEVELOPER_LIBRARY_DIR)/Frameworks",
				);
				GCC_PRECOMPILE_PREFIX_HEADER = YES;
				GCC_PREFIX_HEADER = "Oxidizer/Oxidizer-Prefix.pch";
				INFOPLIST_FILE = "OxidizerTests/OxidizerTests-Info.plist";
				PRODUCT_NAME = "$(TARGET_NAME)";
				TARGETED_DEVICE_FAMILY = 1;
				WRAPPER_EXTENSION = octest;
			};
			name = Release;
		};
/* End XCBuildConfiguration section */

/* Begin XCConfigurationList section */
		C431B3D5154F2B23007AD795 /* Build configuration list for PBXProject "Oxidizer" */ = {
			isa = XCConfigurationList;
			buildConfigurations = (
				C431B3FD154F2B23007AD795 /* Debug */,
				C431B3FE154F2B23007AD795 /* Release */,
			);
			defaultConfigurationIsVisible = 0;
			defaultConfigurationName = Release;
		};
		C431B3FF154F2B23007AD795 /* Build configuration list for PBXNativeTarget "Oxidizer" */ = {
			isa = XCConfigurationList;
			buildConfigurations = (
				C431B400154F2B23007AD795 /* Debug */,
				C431B401154F2B23007AD795 /* Release */,
			);
			defaultConfigurationIsVisible = 0;
			defaultConfigurationName = Release;
		};
		C431B402154F2B23007AD795 /* Build configuration list for PBXNativeTarget "OxidizerTests" */ = {
			isa = XCConfigurationList;
			buildConfigurations = (
				C431B403154F2B23007AD795 /* Debug */,
				C431B404154F2B23007AD795 /* Release */,
			);
			defaultConfigurationIsVisible = 0;
			defaultConfigurationName = Release;
		};
/* End XCConfigurationList section */
	};
	rootObject = C431B3D2154F2B23007AD795 /* Project object */;
}
