// !$*UTF8*$!
{
	archiveVersion = 1;
	classes = {
	};
	objectVersion = 46;
	objects = {

/* Begin PBXBuildFile section */
		C431B3DF154F2B23007AD795 /* Foundation.framework in Frameworks */ = {isa = PBXBuildFile; fileRef = C431B3DE154F2B23007AD795 /* Foundation.framework */; };
		C431B3E5154F2B23007AD795 /* Oxidizer.m in Sources */ = {isa = PBXBuildFile; fileRef = C431B3E4154F2B23007AD795 /* Oxidizer.m */; };
		C431B3ED154F2B23007AD795 /* SenTestingKit.framework in Frameworks */ = {isa = PBXBuildFile; fileRef = C431B3EC154F2B23007AD795 /* SenTestingKit.framework */; };
		C431B3EF154F2B23007AD795 /* UIKit.framework in Frameworks */ = {isa = PBXBuildFile; fileRef = C431B3EE154F2B23007AD795 /* UIKit.framework */; };
		C431B3F0154F2B23007AD795 /* Foundation.framework in Frameworks */ = {isa = PBXBuildFile; fileRef = C431B3DE154F2B23007AD795 /* Foundation.framework */; };
		C431B3F3154F2B23007AD795 /* libOxidizer.a in Frameworks */ = {isa = PBXBuildFile; fileRef = C431B3DB154F2B23007AD795 /* libOxidizer.a */; };
		C431B3F9154F2B23007AD795 /* InfoPlist.strings in Resources */ = {isa = PBXBuildFile; fileRef = C431B3F7154F2B23007AD795 /* InfoPlist.strings */; };
		C431B3FC154F2B23007AD795 /* OxidizerTests.m in Sources */ = {isa = PBXBuildFile; fileRef = C431B3FB154F2B23007AD795 /* OxidizerTests.m */; };
/* End PBXBuildFile section */

/* Begin PBXContainerItemProxy section */
		C431B3F1154F2B23007AD795 /* PBXContainerItemProxy */ = {
			isa = PBXContainerItemProxy;
			containerPortal = C431B3D2154F2B23007AD795 /* Project object */;
			proxyType = 1;
			remoteGlobalIDString = C431B3DA154F2B23007AD795;
			remoteInfo = Oxidizer;
		};
/* End PBXContainerItemProxy section */

/* Begin PBXFileReference section */
		C431B3DB154F2B23007AD795 /* libOxidizer.a */ = {isa = PBXFileReference; explicitFileType = archive.ar; includeInIndex = 0; path = libOxidizer.a; sourceTree = BUILT_PRODUCTS_DIR; };
		C431B3DE154F2B23007AD795 /* Foundation.framework */ = {isa = PBXFileReference; lastKnownFileType = wrapper.framework; name = Foundation.framework; path = System/Library/Frameworks/Foundation.framework; sourceTree = SDKROOT; };
		C431B3E2154F2B23007AD795 /* Oxidizer-Prefix.pch */ = {isa = PBXFileReference; lastKnownFileType = sourcecode.c.h; path = "Oxidizer-Prefix.pch"; sourceTree = "<group>"; };
		C431B3E3154F2B23007AD795 /* Oxidizer.h */ = {isa = PBXFileReference; lastKnownFileType = sourcecode.c.h; path = Oxidizer.h; sourceTree = "<group>"; };
		C431B3E4154F2B23007AD795 /* Oxidizer.m */ = {isa = PBXFileReference; lastKnownFileType = sourcecode.c.objc; path = Oxidizer.m; sourceTree = "<group>"; };
		C431B3EB154F2B23007AD795 /* OxidizerTests.octest */ = {isa = PBXFileReference; explicitFileType = wrapper.cfbundle; includeInIndex = 0; path = OxidizerTests.octest; sourceTree = BUILT_PRODUCTS_DIR; };
		C431B3EC154F2B23007AD795 /* SenTestingKit.framework */ = {isa = PBXFileReference; lastKnownFileType = wrapper.framework; name = SenTestingKit.framework; path = Library/Frameworks/SenTestingKit.framework; sourceTree = DEVELOPER_DIR; };
		C431B3EE154F2B23007AD795 /* UIKit.framework */ = {isa = PBXFileReference; lastKnownFileType = wrapper.framework; name = UIKit.framework; path = Library/Frameworks/UIKit.framework; sourceTree = DEVELOPER_DIR; };
		C431B3F6154F2B23007AD795 /* OxidizerTests-Info.plist */ = {isa = PBXFileReference; lastKnownFileType = text.plist.xml; path = "OxidizerTests-Info.plist"; sourceTree = "<group>"; };
		C431B3F8154F2B23007AD795 /* en */ = {isa = PBXFileReference; lastKnownFileType = text.plist.strings; name = en; path = en.lproj/InfoPlist.strings; sourceTree = "<group>"; };
		C431B3FA154F2B23007AD795 /* OxidizerTests.h */ = {isa = PBXFileReference; lastKnownFileType = sourcecode.c.h; path = OxidizerTests.h; sourceTree = "<group>"; };
		C431B3FB154F2B23007AD795 /* OxidizerTests.m */ = {isa = PBXFileReference; lastKnownFileType = sourcecode.c.objc; path = OxidizerTests.m; sourceTree = "<group>"; };
/* End PBXFileReference section */

/* Begin PBXFrameworksBuildPhase section */
		C431B3D8154F2B23007AD795 /* Frameworks */ = {
			isa = PBXFrameworksBuildPhase;
			buildActionMask = 2147483647;
			files = (
				C431B3DF154F2B23007AD795 /* Foundation.framework in Frameworks */,
			);
			runOnlyForDeploymentPostprocessing = 0;
		};
		C431B3E7154F2B23007AD795 /* Frameworks */ = {
			isa = PBXFrameworksBuildPhase;
			buildActionMask = 2147483647;
			files = (
				C431B3ED154F2B23007AD795 /* SenTestingKit.framework in Frameworks */,
				C431B3EF154F2B23007AD795 /* UIKit.framework in Frameworks */,
				C431B3F0154F2B23007AD795 /* Foundation.framework in Frameworks */,
				C431B3F3154F2B23007AD795 /* libOxidizer.a in Frameworks */,
			);
			runOnlyForDeploymentPostprocessing = 0;
		};
/* End PBXFrameworksBuildPhase section */

/* Begin PBXGroup section */
		C431B3D0154F2B23007AD795 = {
			isa = PBXGroup;
			children = (
				C431B3E0154F2B23007AD795 /* Oxidizer */,
				C431B3F4154F2B23007AD795 /* OxidizerTests */,
				C431B3DD154F2B23007AD795 /* Frameworks */,
				C431B3DC154F2B23007AD795 /* Products */,
			);
			sourceTree = "<group>";
		};
		C431B3DC154F2B23007AD795 /* Products */ = {
			isa = PBXGroup;
			children = (
				C431B3DB154F2B23007AD795 /* libOxidizer.a */,
				C431B3EB154F2B23007AD795 /* OxidizerTests.octest */,
			);
			name = Products;
			sourceTree = "<group>";
		};
		C431B3DD154F2B23007AD795 /* Frameworks */ = {
			isa = PBXGroup;
			children = (
				C431B3DE154F2B23007AD795 /* Foundation.framework */,
				C431B3EC154F2B23007AD795 /* SenTestingKit.framework */,
				C431B3EE154F2B23007AD795 /* UIKit.framework */,
			);
			name = Frameworks;
			sourceTree = "<group>";
		};
		C431B3E0154F2B23007AD795 /* Oxidizer */ = {
			isa = PBXGroup;
			children = (
				C431B3E3154F2B23007AD795 /* Oxidizer.h */,
				C431B3E4154F2B23007AD795 /* Oxidizer.m */,
				C431B3E1154F2B23007AD795 /* Supporting Files */,
			);
			path = Oxidizer;
			sourceTree = "<group>";
		};
		C431B3E1154F2B23007AD795 /* Supporting Files */ = {
			isa = PBXGroup;
			children = (
				C431B3E2154F2B23007AD795 /* Oxidizer-Prefix.pch */,
			);
			name = "Supporting Files";
			sourceTree = "<group>";
		};
		C431B3F4154F2B23007AD795 /* OxidizerTests */ = {
			isa = PBXGroup;
			children = (
				C431B3FA154F2B23007AD795 /* OxidizerTests.h */,
				C431B3FB154F2B23007AD795 /* OxidizerTests.m */,
				C431B3F5154F2B23007AD795 /* Supporting Files */,
			);
			path = OxidizerTests;
			sourceTree = "<group>";
		};
		C431B3F5154F2B23007AD795 /* Supporting Files */ = {
			isa = PBXGroup;
			children = (
				C431B3F6154F2B23007AD795 /* OxidizerTests-Info.plist */,
				C431B3F7154F2B23007AD795 /* InfoPlist.strings */,
			);
			name = "Supporting Files";
			sourceTree = "<group>";
		};
/* End PBXGroup section */

/* Begin PBXHeadersBuildPhase section */
		C431B3D9154F2B23007AD795 /* Headers */ = {
			isa = PBXHeadersBuildPhase;
			buildActionMask = 2147483647;
			files = (
			);
			runOnlyForDeploymentPostprocessing = 0;
		};
/* End PBXHeadersBuildPhase section */

/* Begin PBXNativeTarget section */
		C431B3DA154F2B23007AD795 /* Oxidizer */ = {
			isa = PBXNativeTarget;
			buildConfigurationList = C431B3FF154F2B23007AD795 /* Build configuration list for PBXNativeTarget "Oxidizer" */;
			buildPhases = (
				C431B3D7154F2B23007AD795 /* Sources */,
				C431B3D8154F2B23007AD795 /* Frameworks */,
				C431B3D9154F2B23007AD795 /* Headers */,
			);
			buildRules = (
			);
			dependencies = (
			);
			name = Oxidizer;
			productName = Oxidizer;
			productReference = C431B3DB154F2B23007AD795 /* libOxidizer.a */;
			productType = "com.apple.product-type.library.static";
		};
		C431B3EA154F2B23007AD795 /* OxidizerTests */ = {
			isa = PBXNativeTarget;
			buildConfigurationList = C431B402154F2B23007AD795 /* Build configuration list for PBXNativeTarget "OxidizerTests" */;
			buildPhases = (
				C431B3E6154F2B23007AD795 /* Sources */,
				C431B3E7154F2B23007AD795 /* Frameworks */,
				C431B3E8154F2B23007AD795 /* Resources */,
				C431B3E9154F2B23007AD795 /* ShellScript */,
			);
			buildRules = (
			);
			dependencies = (
				C431B3F2154F2B23007AD795 /* PBXTargetDependency */,
			);
			name = OxidizerTests;
			productName = OxidizerTests;
			productReference = C431B3EB154F2B23007AD795 /* OxidizerTests.octest */;
			productType = "com.apple.product-type.bundle";
		};
/* End PBXNativeTarget section */

/* Begin PBXProject section */
		C431B3D2154F2B23007AD795 /* Project object */ = {
			isa = PBXProject;
			attributes = {
				LastUpgradeCheck = 0430;
			};
			buildConfigurationList = C431B3D5154F2B23007AD795 /* Build configuration list for PBXProject "Oxidizer" */;
			compatibilityVersion = "Xcode 3.2";
			developmentRegion = English;
			hasScannedForEncodings = 0;
			knownRegions = (
				en,
			);
			mainGroup = C431B3D0154F2B23007AD795;
			productRefGroup = C431B3DC154F2B23007AD795 /* Products */;
			projectDirPath = "";
			projectRoot = "";
			targets = (
				C431B3DA154F2B23007AD795 /* Oxidizer */,
				C431B3EA154F2B23007AD795 /* OxidizerTests */,
			);
		};
/* End PBXProject section */

/* Begin PBXResourcesBuildPhase section */
		C431B3E8154F2B23007AD795 /* Resources */ = {
			isa = PBXResourcesBuildPhase;
			buildActionMask = 2147483647;
			files = (
				C431B3F9154F2B23007AD795 /* InfoPlist.strings in Resources */,
			);
			runOnlyForDeploymentPostprocessing = 0;
		};
/* End PBXResourcesBuildPhase section */

/* Begin PBXShellScriptBuildPhase section */
		C431B3E9154F2B23007AD795 /* ShellScript */ = {
			isa = PBXShellScriptBuildPhase;
			buildActionMask = 2147483647;
			files = (
			);
			inputPaths = (
			);
			outputPaths = (
			);
			runOnlyForDeploymentPostprocessing = 0;
			shellPath = /bin/sh;
			shellScript = "# Run the unit tests in this test bundle.\n\"${SYSTEM_DEVELOPER_DIR}/Tools/RunUnitTests\"\n";
		};
/* End PBXShellScriptBuildPhase section */

/* Begin PBXSourcesBuildPhase section */
		C431B3D7154F2B23007AD795 /* Sources */ = {
			isa = PBXSourcesBuildPhase;
			buildActionMask = 2147483647;
			files = (
				C431B3E5154F2B23007AD795 /* Oxidizer.m in Sources */,
			);
			runOnlyForDeploymentPostprocessing = 0;
		};
		C431B3E6154F2B23007AD795 /* Sources */ = {
			isa = PBXSourcesBuildPhase;
			buildActionMask = 2147483647;
			files = (
				C431B3FC154F2B23007AD795 /* OxidizerTests.m in Sources */,
			);
			runOnlyForDeploymentPostprocessing = 0;
		};
/* End PBXSourcesBuildPhase section */

/* Begin PBXTargetDependency section */
		C431B3F2154F2B23007AD795 /* PBXTargetDependency */ = {
			isa = PBXTargetDependency;
			target = C431B3DA154F2B23007AD795 /* Oxidizer */;
			targetProxy = C431B3F1154F2B23007AD795 /* PBXContainerItemProxy */;
		};
/* End PBXTargetDependency section */

/* Begin PBXVariantGroup section */
		C431B3F7154F2B23007AD795 /* InfoPlist.strings */ = {
			isa = PBXVariantGroup;
			children = (
				C431B3F8154F2B23007AD795 /* en */,
			);
			name = InfoPlist.strings;
			sourceTree = "<group>";
		};
/* End PBXVariantGroup section */

/* Begin XCBuildConfiguration section */
		C431B3FD154F2B23007AD795 /* Debug */ = {
			isa = XCBuildConfiguration;
			buildSettings = {
				ALWAYS_SEARCH_USER_PATHS = NO;
				ARCHS = "$(ARCHS_STANDARD_32_BIT)";
				COPY_PHASE_STRIP = NO;
				GCC_C_LANGUAGE_STANDARD = gnu99;
				GCC_DYNAMIC_NO_PIC = NO;
				GCC_OPTIMIZATION_LEVEL = 0;
				GCC_PREPROCESSOR_DEFINITIONS = (
					"DEBUG=1",
					"$(inherited)",
				);
				GCC_SYMBOLS_PRIVATE_EXTERN = NO;
				GCC_VERSION = com.apple.compilers.llvm.clang.1_0;
				GCC_WARN_ABOUT_RETURN_TYPE = YES;
				GCC_WARN_UNINITIALIZED_AUTOS = YES;
				GCC_WARN_UNUSED_VARIABLE = YES;
				IPHONEOS_DEPLOYMENT_TARGET = 5.1;
				SDKROOT = iphoneos;
			};
			name = Debug;
		};
		C431B3FE154F2B23007AD795 /* Release */ = {
			isa = XCBuildConfiguration;
			buildSettings = {
				ALWAYS_SEARCH_USER_PATHS = NO;
				ARCHS = "$(ARCHS_STANDARD_32_BIT)";
				COPY_PHASE_STRIP = YES;
				GCC_C_LANGUAGE_STANDARD = gnu99;
				GCC_VERSION = com.apple.compilers.llvm.clang.1_0;
				GCC_WARN_ABOUT_RETURN_TYPE = YES;
				GCC_WARN_UNINITIALIZED_AUTOS = YES;
				GCC_WARN_UNUSED_VARIABLE = YES;
				IPHONEOS_DEPLOYMENT_TARGET = 5.1;
				SDKROOT = iphoneos;
				VALIDATE_PRODUCT = YES;
			};
			name = Release;
		};
		C431B400154F2B23007AD795 /* Debug */ = {
			isa = XCBuildConfiguration;
			buildSettings = {
				DSTROOT = /tmp/Oxidizer.dst;
				GCC_PRECOMPILE_PREFIX_HEADER = YES;
				GCC_PREFIX_HEADER = "Oxidizer/Oxidizer-Prefix.pch";
				OTHER_LDFLAGS = "-ObjC";
				PRODUCT_NAME = "$(TARGET_NAME)";
				SKIP_INSTALL = YES;
			};
			name = Debug;
		};
		C431B401154F2B23007AD795 /* Release */ = {
			isa = XCBuildConfiguration;
			buildSettings = {
				DSTROOT = /tmp/Oxidizer.dst;
				GCC_PRECOMPILE_PREFIX_HEADER = YES;
				GCC_PREFIX_HEADER = "Oxidizer/Oxidizer-Prefix.pch";
				OTHER_LDFLAGS = "-ObjC";
				PRODUCT_NAME = "$(TARGET_NAME)";
				SKIP_INSTALL = YES;
			};
			name = Release;
		};
		C431B403154F2B23007AD795 /* Debug */ = {
			isa = XCBuildConfiguration;
			buildSettings = {
				FRAMEWORK_SEARCH_PATHS = (
					"$(SDKROOT)/Developer/Library/Frameworks",
					"$(DEVELOPER_LIBRARY_DIR)/Frameworks",
				);
				GCC_PRECOMPILE_PREFIX_HEADER = YES;
				GCC_PREFIX_HEADER = "Oxidizer/Oxidizer-Prefix.pch";
				INFOPLIST_FILE = "OxidizerTests/OxidizerTests-Info.plist";
				PRODUCT_NAME = "$(TARGET_NAME)";
				WRAPPER_EXTENSION = octest;
			};
			name = Debug;
		};
		C431B404154F2B23007AD795 /* Release */ = {
			isa = XCBuildConfiguration;
			buildSettings = {
				FRAMEWORK_SEARCH_PATHS = (
					"$(SDKROOT)/Developer/Library/Frameworks",
					"$(DEVELOPER_LIBRARY_DIR)/Frameworks",
				);
				GCC_PRECOMPILE_PREFIX_HEADER = YES;
				GCC_PREFIX_HEADER = "Oxidizer/Oxidizer-Prefix.pch";
				INFOPLIST_FILE = "OxidizerTests/OxidizerTests-Info.plist";
				PRODUCT_NAME = "$(TARGET_NAME)";
				WRAPPER_EXTENSION = octest;
			};
			name = Release;
		};
/* End XCBuildConfiguration section */

/* Begin XCConfigurationList section */
		C431B3D5154F2B23007AD795 /* Build configuration list for PBXProject "Oxidizer" */ = {
			isa = XCConfigurationList;
			buildConfigurations = (
				C431B3FD154F2B23007AD795 /* Debug */,
				C431B3FE154F2B23007AD795 /* Release */,
			);
			defaultConfigurationIsVisible = 0;
			defaultConfigurationName = Release;
		};
		C431B3FF154F2B23007AD795 /* Build configuration list for PBXNativeTarget "Oxidizer" */ = {
			isa = XCConfigurationList;
			buildConfigurations = (
				C431B400154F2B23007AD795 /* Debug */,
				C431B401154F2B23007AD795 /* Release */,
			);
			defaultConfigurationIsVisible = 0;
		};
		C431B402154F2B23007AD795 /* Build configuration list for PBXNativeTarget "OxidizerTests" */ = {
			isa = XCConfigurationList;
			buildConfigurations = (
				C431B403154F2B23007AD795 /* Debug */,
				C431B404154F2B23007AD795 /* Release */,
			);
			defaultConfigurationIsVisible = 0;
		};
/* End XCConfigurationList section */
	};
	rootObject = C431B3D2154F2B23007AD795 /* Project object */;
}
